// !$*UTF8*$!
{
	archiveVersion = 1;
	classes = {
	};
	objectVersion = 46;
	objects = {

/* Begin PBXBuildFile section */
		0A49B8D015E26300006ED696 /* UIKit.framework in Frameworks */ = {isa = PBXBuildFile; fileRef = 0A49B8CF15E26300006ED696 /* UIKit.framework */; };
		0A49B8D215E26300006ED696 /* Foundation.framework in Frameworks */ = {isa = PBXBuildFile; fileRef = 0A49B8D115E26300006ED696 /* Foundation.framework */; };
		0A49B8D415E26300006ED696 /* CoreGraphics.framework in Frameworks */ = {isa = PBXBuildFile; fileRef = 0A49B8D315E26300006ED696 /* CoreGraphics.framework */; };
		0AF8B62D1641362300D088C3 /* LastFm.m in Sources */ = {isa = PBXBuildFile; fileRef = 0AF8B6271641362300D088C3 /* LastFm.m */; };
		0AF8B6521641377300D088C3 /* b_close.png in Resources */ = {isa = PBXBuildFile; fileRef = 0AF8B63D1641377300D088C3 /* b_close.png */; };
		0AF8B6531641377300D088C3 /* b_close@2x.png in Resources */ = {isa = PBXBuildFile; fileRef = 0AF8B63E1641377300D088C3 /* b_close@2x.png */; };
		0AF8B6541641377300D088C3 /* Default-568h@2x.png in Resources */ = {isa = PBXBuildFile; fileRef = 0AF8B63F1641377300D088C3 /* Default-568h@2x.png */; };
		0AF8B6551641377300D088C3 /* InfoPlist.strings in Resources */ = {isa = PBXBuildFile; fileRef = 0AF8B6401641377300D088C3 /* InfoPlist.strings */; };
		0AF8B6561641377300D088C3 /* MainStoryboard.storyboard in Resources */ = {isa = PBXBuildFile; fileRef = 0AF8B6421641377300D088C3 /* MainStoryboard.storyboard */; };
		0AF8B6581641377300D088C3 /* Icon.png in Resources */ = {isa = PBXBuildFile; fileRef = 0AF8B6461641377300D088C3 /* Icon.png */; };
		0AF8B6591641377300D088C3 /* Icon@2x.png in Resources */ = {isa = PBXBuildFile; fileRef = 0AF8B6471641377300D088C3 /* Icon@2x.png */; };
		0AF8B65A1641377300D088C3 /* main.m in Sources */ = {isa = PBXBuildFile; fileRef = 0AF8B6481641377300D088C3 /* main.m */; };
		0AF8B65B1641377300D088C3 /* AppDelegate.m in Sources */ = {isa = PBXBuildFile; fileRef = 0AF8B64A1641377300D088C3 /* AppDelegate.m */; };
		0AF8B65D1641377300D088C3 /* ViewController.m in Sources */ = {isa = PBXBuildFile; fileRef = 0AF8B6511641377300D088C3 /* ViewController.m */; };
		0AF8B67616413D4A00D088C3 /* ArtistCell.m in Sources */ = {isa = PBXBuildFile; fileRef = 0AF8B67516413D4A00D088C3 /* ArtistCell.m */; };
		0AF8B685164146DD00D088C3 /* DetailViewController.m in Sources */ = {isa = PBXBuildFile; fileRef = 0AF8B684164146DD00D088C3 /* DetailViewController.m */; };
		0AF8B6AE164279E800D088C3 /* Podfile in Resources */ = {isa = PBXBuildFile; fileRef = 0AF8B6AD164279E800D088C3 /* Podfile */; };
		0AF8B6BB1642823500D088C3 /* LastFmCache.m in Sources */ = {isa = PBXBuildFile; fileRef = 0AF8B6BA1642823500D088C3 /* LastFmCache.m */; };
		B4B51A22ED77427BB064BA60 /* libPods.a in Frameworks */ = {isa = PBXBuildFile; fileRef = 23C823114A694F31BABC4125 /* libPods.a */; };
/* End PBXBuildFile section */

/* Begin PBXFileReference section */
		0A49B8CB15E26300006ED696 /* LastFm Example.app */ = {isa = PBXFileReference; explicitFileType = wrapper.application; includeInIndex = 0; name = "LastFm Example.app"; path = Last.fm.app; sourceTree = BUILT_PRODUCTS_DIR; };
		0A49B8CF15E26300006ED696 /* UIKit.framework */ = {isa = PBXFileReference; includeInIndex = 1; lastKnownFileType = wrapper.framework; name = UIKit.framework; path = System/Library/Frameworks/UIKit.framework; sourceTree = SDKROOT; };
		0A49B8D115E26300006ED696 /* Foundation.framework */ = {isa = PBXFileReference; includeInIndex = 1; lastKnownFileType = wrapper.framework; name = Foundation.framework; path = System/Library/Frameworks/Foundation.framework; sourceTree = SDKROOT; };
		0A49B8D315E26300006ED696 /* CoreGraphics.framework */ = {isa = PBXFileReference; includeInIndex = 1; lastKnownFileType = wrapper.framework; name = CoreGraphics.framework; path = System/Library/Frameworks/CoreGraphics.framework; sourceTree = SDKROOT; };
		0AF8B6261641362300D088C3 /* LastFm.h */ = {isa = PBXFileReference; fileEncoding = 4; lastKnownFileType = sourcecode.c.h; path = LastFm.h; sourceTree = "<group>"; };
		0AF8B6271641362300D088C3 /* LastFm.m */ = {isa = PBXFileReference; fileEncoding = 4; lastKnownFileType = sourcecode.c.objc; path = LastFm.m; sourceTree = "<group>"; };
		0AF8B6281641362300D088C3 /* AUTHORS */ = {isa = PBXFileReference; fileEncoding = 4; lastKnownFileType = text; name = AUTHORS; path = ../AUTHORS; sourceTree = "<group>"; };
		0AF8B6291641362300D088C3 /* CHANGELOG */ = {isa = PBXFileReference; fileEncoding = 4; lastKnownFileType = text; name = CHANGELOG; path = ../CHANGELOG; sourceTree = "<group>"; };
		0AF8B62A1641362300D088C3 /* LastFm.podspec */ = {isa = PBXFileReference; fileEncoding = 4; lastKnownFileType = text; name = LastFm.podspec; path = ../LastFm.podspec; sourceTree = "<group>"; };
		0AF8B62B1641362300D088C3 /* LICENSE */ = {isa = PBXFileReference; fileEncoding = 4; lastKnownFileType = text; name = LICENSE; path = ../LICENSE; sourceTree = "<group>"; };
		0AF8B62C1641362300D088C3 /* README.md */ = {isa = PBXFileReference; fileEncoding = 4; lastKnownFileType = text; name = README.md; path = ../README.md; sourceTree = "<group>"; };
		0AF8B63D1641377300D088C3 /* b_close.png */ = {isa = PBXFileReference; lastKnownFileType = image.png; path = b_close.png; sourceTree = "<group>"; };
		0AF8B63E1641377300D088C3 /* b_close@2x.png */ = {isa = PBXFileReference; lastKnownFileType = image.png; path = "b_close@2x.png"; sourceTree = "<group>"; };
		0AF8B63F1641377300D088C3 /* Default-568h@2x.png */ = {isa = PBXFileReference; lastKnownFileType = image.png; path = "Default-568h@2x.png"; sourceTree = "<group>"; };
		0AF8B6411641377300D088C3 /* en */ = {isa = PBXFileReference; lastKnownFileType = text.plist.strings; name = en; path = en.lproj/InfoPlist.strings; sourceTree = "<group>"; };
		0AF8B6431641377300D088C3 /* en */ = {isa = PBXFileReference; lastKnownFileType = file.storyboard; name = en; path = en.lproj/MainStoryboard.storyboard; sourceTree = "<group>"; };
		0AF8B6441641377300D088C3 /* Example-Info.plist */ = {isa = PBXFileReference; fileEncoding = 4; lastKnownFileType = text.plist.xml; path = "Example-Info.plist"; sourceTree = "<group>"; };
		0AF8B6451641377300D088C3 /* Example-Prefix.pch */ = {isa = PBXFileReference; fileEncoding = 4; lastKnownFileType = sourcecode.c.h; path = "Example-Prefix.pch"; sourceTree = "<group>"; };
		0AF8B6461641377300D088C3 /* Icon.png */ = {isa = PBXFileReference; lastKnownFileType = image.png; path = Icon.png; sourceTree = "<group>"; };
		0AF8B6471641377300D088C3 /* Icon@2x.png */ = {isa = PBXFileReference; lastKnownFileType = image.png; path = "Icon@2x.png"; sourceTree = "<group>"; };
		0AF8B6481641377300D088C3 /* main.m */ = {isa = PBXFileReference; fileEncoding = 4; lastKnownFileType = sourcecode.c.objc; path = main.m; sourceTree = "<group>"; };
		0AF8B6491641377300D088C3 /* AppDelegate.h */ = {isa = PBXFileReference; fileEncoding = 4; lastKnownFileType = sourcecode.c.h; path = AppDelegate.h; sourceTree = SOURCE_ROOT; };
		0AF8B64A1641377300D088C3 /* AppDelegate.m */ = {isa = PBXFileReference; fileEncoding = 4; lastKnownFileType = sourcecode.c.objc; path = AppDelegate.m; sourceTree = SOURCE_ROOT; };
		0AF8B6501641377300D088C3 /* ViewController.h */ = {isa = PBXFileReference; fileEncoding = 4; lastKnownFileType = sourcecode.c.h; path = ViewController.h; sourceTree = SOURCE_ROOT; };
		0AF8B6511641377300D088C3 /* ViewController.m */ = {isa = PBXFileReference; fileEncoding = 4; lastKnownFileType = sourcecode.c.objc; path = ViewController.m; sourceTree = SOURCE_ROOT; };
		0AF8B67416413D4A00D088C3 /* ArtistCell.h */ = {isa = PBXFileReference; fileEncoding = 4; lastKnownFileType = sourcecode.c.h; path = ArtistCell.h; sourceTree = SOURCE_ROOT; };
		0AF8B67516413D4A00D088C3 /* ArtistCell.m */ = {isa = PBXFileReference; fileEncoding = 4; lastKnownFileType = sourcecode.c.objc; path = ArtistCell.m; sourceTree = SOURCE_ROOT; };
		0AF8B683164146DD00D088C3 /* DetailViewController.h */ = {isa = PBXFileReference; fileEncoding = 4; lastKnownFileType = sourcecode.c.h; path = DetailViewController.h; sourceTree = SOURCE_ROOT; };
		0AF8B684164146DD00D088C3 /* DetailViewController.m */ = {isa = PBXFileReference; fileEncoding = 4; lastKnownFileType = sourcecode.c.objc; path = DetailViewController.m; sourceTree = SOURCE_ROOT; };
		0AF8B6AD164279E800D088C3 /* Podfile */ = {isa = PBXFileReference; fileEncoding = 4; lastKnownFileType = text; path = Podfile; sourceTree = "<group>"; };
		0AF8B6B91642823500D088C3 /* LastFmCache.h */ = {isa = PBXFileReference; fileEncoding = 4; lastKnownFileType = sourcecode.c.h; path = LastFmCache.h; sourceTree = SOURCE_ROOT; };
		0AF8B6BA1642823500D088C3 /* LastFmCache.m */ = {isa = PBXFileReference; fileEncoding = 4; lastKnownFileType = sourcecode.c.objc; path = LastFmCache.m; sourceTree = SOURCE_ROOT; };
		23C823114A694F31BABC4125 /* libPods.a */ = {isa = PBXFileReference; explicitFileType = archive.ar; includeInIndex = 0; path = libPods.a; sourceTree = BUILT_PRODUCTS_DIR; };
		C992E282485C4261B0CFA3FE /* Pods.xcconfig */ = {isa = PBXFileReference; includeInIndex = 1; lastKnownFileType = text.xcconfig; name = Pods.xcconfig; path = Pods/Pods.xcconfig; sourceTree = SOURCE_ROOT; };
/* End PBXFileReference section */

/* Begin PBXFrameworksBuildPhase section */
		0A49B8C815E26300006ED696 /* Frameworks */ = {
			isa = PBXFrameworksBuildPhase;
			buildActionMask = 2147483647;
			files = (
				0A49B8D015E26300006ED696 /* UIKit.framework in Frameworks */,
				0A49B8D215E26300006ED696 /* Foundation.framework in Frameworks */,
				0A49B8D415E26300006ED696 /* CoreGraphics.framework in Frameworks */,
				B4B51A22ED77427BB064BA60 /* libPods.a in Frameworks */,
			);
			runOnlyForDeploymentPostprocessing = 0;
		};
/* End PBXFrameworksBuildPhase section */

/* Begin PBXGroup section */
		0A49B8C015E26300006ED696 = {
			isa = PBXGroup;
			children = (
				0AF8B6241641361700D088C3 /* Lib */,
				0A49B8D515E26300006ED696 /* Example */,
				0A49B8CE15E26300006ED696 /* Frameworks */,
				0A49B8CC15E26300006ED696 /* Products */,
				C992E282485C4261B0CFA3FE /* Pods.xcconfig */,
				0AF8B6AD164279E800D088C3 /* Podfile */,
			);
			sourceTree = "<group>";
		};
		0A49B8CC15E26300006ED696 /* Products */ = {
			isa = PBXGroup;
			children = (
				0A49B8CB15E26300006ED696 /* LastFm Example.app */,
			);
			name = Products;
			sourceTree = "<group>";
		};
		0A49B8CE15E26300006ED696 /* Frameworks */ = {
			isa = PBXGroup;
			children = (
				0A49B8CF15E26300006ED696 /* UIKit.framework */,
				0A49B8D115E26300006ED696 /* Foundation.framework */,
				0A49B8D315E26300006ED696 /* CoreGraphics.framework */,
				23C823114A694F31BABC4125 /* libPods.a */,
			);
			name = Frameworks;
			sourceTree = "<group>";
		};
		0A49B8D515E26300006ED696 /* Example */ = {
			isa = PBXGroup;
			children = (
				0AF8B63C1641377300D088C3 /* Supporting Files */,
				0AF8B6491641377300D088C3 /* AppDelegate.h */,
				0AF8B64A1641377300D088C3 /* AppDelegate.m */,
				0AF8B6501641377300D088C3 /* ViewController.h */,
				0AF8B6511641377300D088C3 /* ViewController.m */,
				0AF8B683164146DD00D088C3 /* DetailViewController.h */,
				0AF8B684164146DD00D088C3 /* DetailViewController.m */,
				0AF8B67416413D4A00D088C3 /* ArtistCell.h */,
				0AF8B67516413D4A00D088C3 /* ArtistCell.m */,
				0AF8B6B91642823500D088C3 /* LastFmCache.h */,
				0AF8B6BA1642823500D088C3 /* LastFmCache.m */,
			);
			path = Example;
			sourceTree = "<group>";
		};
		0AF8B6241641361700D088C3 /* Lib */ = {
			isa = PBXGroup;
			children = (
				0AF8B6251641362300D088C3 /* LastFm */,
				0AF8B6281641362300D088C3 /* AUTHORS */,
				0AF8B6291641362300D088C3 /* CHANGELOG */,
				0AF8B62A1641362300D088C3 /* LastFm.podspec */,
				0AF8B62B1641362300D088C3 /* LICENSE */,
				0AF8B62C1641362300D088C3 /* README.md */,
			);
			name = Lib;
			sourceTree = "<group>";
		};
		0AF8B6251641362300D088C3 /* LastFm */ = {
			isa = PBXGroup;
			children = (
				0AF8B6261641362300D088C3 /* LastFm.h */,
				0AF8B6271641362300D088C3 /* LastFm.m */,
			);
			name = LastFm;
			path = ../LastFm;
			sourceTree = "<group>";
		};
		0AF8B63C1641377300D088C3 /* Supporting Files */ = {
			isa = PBXGroup;
			children = (
				0AF8B63D1641377300D088C3 /* b_close.png */,
				0AF8B63E1641377300D088C3 /* b_close@2x.png */,
				0AF8B63F1641377300D088C3 /* Default-568h@2x.png */,
				0AF8B6401641377300D088C3 /* InfoPlist.strings */,
				0AF8B6421641377300D088C3 /* MainStoryboard.storyboard */,
				0AF8B6441641377300D088C3 /* Example-Info.plist */,
				0AF8B6451641377300D088C3 /* Example-Prefix.pch */,
				0AF8B6461641377300D088C3 /* Icon.png */,
				0AF8B6471641377300D088C3 /* Icon@2x.png */,
				0AF8B6481641377300D088C3 /* main.m */,
			);
			path = "Supporting Files";
			sourceTree = SOURCE_ROOT;
		};
/* End PBXGroup section */

/* Begin PBXNativeTarget section */
		0A49B8CA15E26300006ED696 /* Last.fm */ = {
			isa = PBXNativeTarget;
			buildConfigurationList = 0A49B8E915E26300006ED696 /* Build configuration list for PBXNativeTarget "Last.fm" */;
			buildPhases = (
				0A49B8C715E26300006ED696 /* Sources */,
				0A49B8C815E26300006ED696 /* Frameworks */,
				0A49B8C915E26300006ED696 /* Resources */,
				CFCD06D2B0AA43AB8F8EFA09 /* Copy Pods Resources */,
			);
			buildRules = (
			);
			dependencies = (
			);
			name = Last.fm;
			productName = Example;
			productReference = 0A49B8CB15E26300006ED696 /* LastFm Example.app */;
			productType = "com.apple.product-type.application";
		};
/* End PBXNativeTarget section */

/* Begin PBXProject section */
		0A49B8C215E26300006ED696 /* Project object */ = {
			isa = PBXProject;
			attributes = {
				LastUpgradeCheck = 0460;
				ORGANIZATIONNAME = Gangverk;
			};
			buildConfigurationList = 0A49B8C515E26300006ED696 /* Build configuration list for PBXProject "Example" */;
			compatibilityVersion = "Xcode 3.2";
			developmentRegion = English;
			hasScannedForEncodings = 0;
			knownRegions = (
				en,
			);
			mainGroup = 0A49B8C015E26300006ED696;
			productRefGroup = 0A49B8CC15E26300006ED696 /* Products */;
			projectDirPath = "";
			projectRoot = "";
			targets = (
				0A49B8CA15E26300006ED696 /* Last.fm */,
			);
		};
/* End PBXProject section */

/* Begin PBXResourcesBuildPhase section */
		0A49B8C915E26300006ED696 /* Resources */ = {
			isa = PBXResourcesBuildPhase;
			buildActionMask = 2147483647;
			files = (
				0AF8B6521641377300D088C3 /* b_close.png in Resources */,
				0AF8B6531641377300D088C3 /* b_close@2x.png in Resources */,
				0AF8B6541641377300D088C3 /* Default-568h@2x.png in Resources */,
				0AF8B6551641377300D088C3 /* InfoPlist.strings in Resources */,
				0AF8B6561641377300D088C3 /* MainStoryboard.storyboard in Resources */,
				0AF8B6581641377300D088C3 /* Icon.png in Resources */,
				0AF8B6591641377300D088C3 /* Icon@2x.png in Resources */,
				0AF8B6AE164279E800D088C3 /* Podfile in Resources */,
			);
			runOnlyForDeploymentPostprocessing = 0;
		};
/* End PBXResourcesBuildPhase section */

/* Begin PBXShellScriptBuildPhase section */
		CFCD06D2B0AA43AB8F8EFA09 /* Copy Pods Resources */ = {
			isa = PBXShellScriptBuildPhase;
			buildActionMask = 2147483647;
			files = (
			);
			inputPaths = (
			);
			name = "Copy Pods Resources";
			outputPaths = (
			);
			runOnlyForDeploymentPostprocessing = 0;
			shellPath = /bin/sh;
			shellScript = "\"${SRCROOT}/Pods/Pods-resources.sh\"\n";
		};
/* End PBXShellScriptBuildPhase section */

/* Begin PBXSourcesBuildPhase section */
		0A49B8C715E26300006ED696 /* Sources */ = {
			isa = PBXSourcesBuildPhase;
			buildActionMask = 2147483647;
			files = (
				0AF8B62D1641362300D088C3 /* LastFm.m in Sources */,
				0AF8B65A1641377300D088C3 /* main.m in Sources */,
				0AF8B65B1641377300D088C3 /* AppDelegate.m in Sources */,
				0AF8B65D1641377300D088C3 /* ViewController.m in Sources */,
				0AF8B67616413D4A00D088C3 /* ArtistCell.m in Sources */,
				0AF8B685164146DD00D088C3 /* DetailViewController.m in Sources */,
				0AF8B6BB1642823500D088C3 /* LastFmCache.m in Sources */,
			);
			runOnlyForDeploymentPostprocessing = 0;
		};
/* End PBXSourcesBuildPhase section */

/* Begin PBXVariantGroup section */
		0AF8B6401641377300D088C3 /* InfoPlist.strings */ = {
			isa = PBXVariantGroup;
			children = (
				0AF8B6411641377300D088C3 /* en */,
			);
			name = InfoPlist.strings;
			sourceTree = "<group>";
		};
		0AF8B6421641377300D088C3 /* MainStoryboard.storyboard */ = {
			isa = PBXVariantGroup;
			children = (
				0AF8B6431641377300D088C3 /* en */,
			);
			name = MainStoryboard.storyboard;
			sourceTree = "<group>";
		};
/* End PBXVariantGroup section */

/* Begin XCBuildConfiguration section */
		0A49B8E715E26300006ED696 /* Debug */ = {
			isa = XCBuildConfiguration;
			buildSettings = {
				ALWAYS_SEARCH_USER_PATHS = NO;
				ARCHS = "$(ARCHS_STANDARD_32_BIT)";
				CLANG_CXX_LANGUAGE_STANDARD = "gnu++0x";
				CLANG_ENABLE_OBJC_ARC = YES;
				CLANG_WARN_CONSTANT_CONVERSION = YES;
				CLANG_WARN_ENUM_CONVERSION = YES;
				CLANG_WARN_INT_CONVERSION = YES;
				CLANG_WARN__DUPLICATE_METHOD_MATCH = YES;
				"CODE_SIGN_IDENTITY[sdk=iphoneos*]" = "iPhone Developer";
				COPY_PHASE_STRIP = NO;
				GCC_C_LANGUAGE_STANDARD = gnu99;
				GCC_DYNAMIC_NO_PIC = NO;
				GCC_OPTIMIZATION_LEVEL = 0;
				GCC_PREPROCESSOR_DEFINITIONS = (
					"DEBUG=1",
					"$(inherited)",
				);
				GCC_SYMBOLS_PRIVATE_EXTERN = NO;
				GCC_VERSION = com.apple.compilers.llvm.clang.1_0;
				GCC_WARN_ABOUT_RETURN_TYPE = YES;
				GCC_WARN_UNINITIALIZED_AUTOS = YES;
				GCC_WARN_UNUSED_VARIABLE = YES;
				IPHONEOS_DEPLOYMENT_TARGET = 5.1;
				SDKROOT = iphoneos;
			};
			name = Debug;
		};
		0A49B8E815E26300006ED696 /* Release */ = {
			isa = XCBuildConfiguration;
			buildSettings = {
				ALWAYS_SEARCH_USER_PATHS = NO;
				ARCHS = "$(ARCHS_STANDARD_32_BIT)";
				CLANG_CXX_LANGUAGE_STANDARD = "gnu++0x";
				CLANG_ENABLE_OBJC_ARC = YES;
				CLANG_WARN_CONSTANT_CONVERSION = YES;
				CLANG_WARN_ENUM_CONVERSION = YES;
				CLANG_WARN_INT_CONVERSION = YES;
				CLANG_WARN__DUPLICATE_METHOD_MATCH = YES;
				"CODE_SIGN_IDENTITY[sdk=iphoneos*]" = "iPhone Developer";
				COPY_PHASE_STRIP = YES;
				GCC_C_LANGUAGE_STANDARD = gnu99;
				GCC_VERSION = com.apple.compilers.llvm.clang.1_0;
				GCC_WARN_ABOUT_RETURN_TYPE = YES;
				GCC_WARN_UNINITIALIZED_AUTOS = YES;
				GCC_WARN_UNUSED_VARIABLE = YES;
				IPHONEOS_DEPLOYMENT_TARGET = 5.1;
				OTHER_CFLAGS = "-DNS_BLOCK_ASSERTIONS=1";
				SDKROOT = iphoneos;
				VALIDATE_PRODUCT = YES;
			};
			name = Release;
		};
		0A49B8EA15E26300006ED696 /* Debug */ = {
			isa = XCBuildConfiguration;
			baseConfigurationReference = C992E282485C4261B0CFA3FE /* Pods.xcconfig */;
			buildSettings = {
				GCC_PREFIX_HEADER = "Supporting Files/Example-Prefix.pch";
				INFOPLIST_FILE = "$(SRCROOT)/Supporting Files/Example-Info.plist";
				PRODUCT_NAME = "$(TARGET_NAME)";
				WRAPPER_EXTENSION = app;
			};
			name = Debug;
		};
		0A49B8EB15E26300006ED696 /* Release */ = {
			isa = XCBuildConfiguration;
			baseConfigurationReference = C992E282485C4261B0CFA3FE /* Pods.xcconfig */;
			buildSettings = {
				GCC_PREFIX_HEADER = "Supporting Files/Example-Prefix.pch";
				INFOPLIST_FILE = "$(SRCROOT)/Supporting Files/Example-Info.plist";
				PRODUCT_NAME = "$(TARGET_NAME)";
				WRAPPER_EXTENSION = app;
			};
			name = Release;
		};
/* End XCBuildConfiguration section */

/* Begin XCConfigurationList section */
		0A49B8C515E26300006ED696 /* Build configuration list for PBXProject "Example" */ = {
			isa = XCConfigurationList;
			buildConfigurations = (
				0A49B8E715E26300006ED696 /* Debug */,
				0A49B8E815E26300006ED696 /* Release */,
			);
			defaultConfigurationIsVisible = 0;
			defaultConfigurationName = Release;
		};
		0A49B8E915E26300006ED696 /* Build configuration list for PBXNativeTarget "Last.fm" */ = {
			isa = XCConfigurationList;
			buildConfigurations = (
				0A49B8EA15E26300006ED696 /* Debug */,
				0A49B8EB15E26300006ED696 /* Release */,
			);
			defaultConfigurationIsVisible = 0;
			defaultConfigurationName = Release;
		};
/* End XCConfigurationList section */
	};
	rootObject = 0A49B8C215E26300006ED696 /* Project object */;
}
